
Microsoft Visual Studio Solution File, Format Version 12.00
# Visual Studio 15
VisualStudioVersion = 15.0.26403.7
MinimumVisualStudioVersion = 10.0.40219.1
Project("{FAE04EC0-301F-11D3-BF4B-00C04F79EFBC}") = "Chpt1", "Chpt1\Chpt1.csproj", "{B2A9E2B7-F311-4E20-9EAE-A377C85D65FE}"
EndProject
Project("{FAE04EC0-301F-11D3-BF4B-00C04F79EFBC}") = "Chpt2", "Chpt2\Chpt2.csproj", "{7DCB9C7A-8400-4595-B618-A2E0134308D7}"
EndProject
Project("{FAE04EC0-301F-11D3-BF4B-00C04F79EFBC}") = "Chpt3", "Chpt3\Chpt3.csproj", "{28438E3B-D836-4794-AAB5-63DD30DCE4CF}"
EndProject
Project("{FAE04EC0-301F-11D3-BF4B-00C04F79EFBC}") = "Chpt4", "Chpt4\Chpt4.csproj", "{A33BB93C-502C-4252-868A-BE8C398A75E3}"
EndProject
Project("{FAE04EC0-301F-11D3-BF4B-00C04F79EFBC}") = "Chpt5", "Chpt5\Chpt5.csproj", "{31541B23-0843-489E-A94E-8BB91775E3BC}"
EndProject
Project("{FAE04EC0-301F-11D3-BF4B-00C04F79EFBC}") = "Chpt5.WinFormApp", "Chpt5.WinFormApp\Chpt5.WinFormApp.csproj", "{A7793A4B-C2F7-4FD7-8B97-F52A23FEAC9E}"
EndProject
Project("{FAE04EC0-301F-11D3-BF4B-00C04F79EFBC}") = "Chpt6", "Chpt6\Chpt6.csproj", "{C8CFF27C-2AC9-4FDE-9602-F2A98EF3EA67}"
EndProject
Project("{FAE04EC0-301F-11D3-BF4B-00C04F79EFBC}") = "Chpt7", "Chpt7\Chpt7.csproj", "{1B81F43B-F631-402B-B3B4-0DEEC8028B85}"
EndProject
Project("{FAE04EC0-301F-11D3-BF4B-00C04F79EFBC}") = "Chpt8", "Chpt8\Chpt8.csproj", "{FE444E15-911A-4EB8-B292-2BBCD10C1EBE}"
EndProject
Project("{FAE04EC0-301F-11D3-BF4B-00C04F79EFBC}") = "Chpt9", "Chpt9\Chpt9.csproj", "{EFD55DB2-9D33-488F-9945-2F289F20E919}"
EndProject
Project("{FAE04EC0-301F-11D3-BF4B-00C04F79EFBC}") = "Chpt10", "Chpt10\Chpt10.csproj", "{ECB83B34-719E-4915-AFF8-687D79206F43}"
EndProject
Project("{FAE04EC0-301F-11D3-BF4B-00C04F79EFBC}") = "Chpt11", "Chpt11\Chpt11.csproj", "{F1EB4BF7-1A0D-48C1-9E42-94CF89360AC3}"
EndProject
Global
	GlobalSection(SolutionConfigurationPlatforms) = preSolution
		Debug|Any CPU = Debug|Any CPU
		Release|Any CPU = Release|Any CPU
	EndGlobalSection
	GlobalSection(ProjectConfigurationPlatforms) = postSolution
		{B2A9E2B7-F311-4E20-9EAE-A377C85D65FE}.Debug|Any CPU.ActiveCfg = Debug|Any CPU
		{B2A9E2B7-F311-4E20-9EAE-A377C85D65FE}.Debug|Any CPU.Build.0 = Debug|Any CPU
		{B2A9E2B7-F311-4E20-9EAE-A377C85D65FE}.Release|Any CPU.ActiveCfg = Release|Any CPU
		{B2A9E2B7-F311-4E20-9EAE-A377C85D65FE}.Release|Any CPU.Build.0 = Release|Any CPU
		{7DCB9C7A-8400-4595-B618-A2E0134308D7}.Debug|Any CPU.ActiveCfg = Debug|Any CPU
		{7DCB9C7A-8400-4595-B618-A2E0134308D7}.Debug|Any CPU.Build.0 = Debug|Any CPU
		{7DCB9C7A-8400-4595-B618-A2E0134308D7}.Release|Any CPU.ActiveCfg = Release|Any CPU
		{7DCB9C7A-8400-4595-B618-A2E0134308D7}.Release|Any CPU.Build.0 = Release|Any CPU
		{28438E3B-D836-4794-AAB5-63DD30DCE4CF}.Debug|Any CPU.ActiveCfg = Debug|Any CPU
		{28438E3B-D836-4794-AAB5-63DD30DCE4CF}.Debug|Any CPU.Build.0 = Debug|Any CPU
		{28438E3B-D836-4794-AAB5-63DD30DCE4CF}.Release|Any CPU.ActiveCfg = Release|Any CPU
		{28438E3B-D836-4794-AAB5-63DD30DCE4CF}.Release|Any CPU.Build.0 = Release|Any CPU
		{A33BB93C-502C-4252-868A-BE8C398A75E3}.Debug|Any CPU.ActiveCfg = Debug|Any CPU
		{A33BB93C-502C-4252-868A-BE8C398A75E3}.Debug|Any CPU.Build.0 = Debug|Any CPU
		{A33BB93C-502C-4252-868A-BE8C398A75E3}.Release|Any CPU.ActiveCfg = Release|Any CPU
		{A33BB93C-502C-4252-868A-BE8C398A75E3}.Release|Any CPU.Build.0 = Release|Any CPU
		{31541B23-0843-489E-A94E-8BB91775E3BC}.Debug|Any CPU.ActiveCfg = Debug|Any CPU
		{31541B23-0843-489E-A94E-8BB91775E3BC}.Debug|Any CPU.Build.0 = Debug|Any CPU
		{31541B23-0843-489E-A94E-8BB91775E3BC}.Release|Any CPU.ActiveCfg = Release|Any CPU
		{31541B23-0843-489E-A94E-8BB91775E3BC}.Release|Any CPU.Build.0 = Release|Any CPU
		{A7793A4B-C2F7-4FD7-8B97-F52A23FEAC9E}.Debug|Any CPU.ActiveCfg = Debug|Any CPU
		{A7793A4B-C2F7-4FD7-8B97-F52A23FEAC9E}.Debug|Any CPU.Build.0 = Debug|Any CPU
		{A7793A4B-C2F7-4FD7-8B97-F52A23FEAC9E}.Release|Any CPU.ActiveCfg = Release|Any CPU
		{A7793A4B-C2F7-4FD7-8B97-F52A23FEAC9E}.Release|Any CPU.Build.0 = Release|Any CPU
		{C8CFF27C-2AC9-4FDE-9602-F2A98EF3EA67}.Debug|Any CPU.ActiveCfg = Debug|Any CPU
		{C8CFF27C-2AC9-4FDE-9602-F2A98EF3EA67}.Debug|Any CPU.Build.0 = Debug|Any CPU
		{C8CFF27C-2AC9-4FDE-9602-F2A98EF3EA67}.Release|Any CPU.ActiveCfg = Release|Any CPU
		{C8CFF27C-2AC9-4FDE-9602-F2A98EF3EA67}.Release|Any CPU.Build.0 = Release|Any CPU
		{1B81F43B-F631-402B-B3B4-0DEEC8028B85}.Debug|Any CPU.ActiveCfg = Debug|Any CPU
		{1B81F43B-F631-402B-B3B4-0DEEC8028B85}.Debug|Any CPU.Build.0 = Debug|Any CPU
		{1B81F43B-F631-402B-B3B4-0DEEC8028B85}.Release|Any CPU.ActiveCfg = Release|Any CPU
		{1B81F43B-F631-402B-B3B4-0DEEC8028B85}.Release|Any CPU.Build.0 = Release|Any CPU
		{FE444E15-911A-4EB8-B292-2BBCD10C1EBE}.Debug|Any CPU.ActiveCfg = Debug|Any CPU
		{FE444E15-911A-4EB8-B292-2BBCD10C1EBE}.Debug|Any CPU.Build.0 = Debug|Any CPU
		{FE444E15-911A-4EB8-B292-2BBCD10C1EBE}.Release|Any CPU.ActiveCfg = Release|Any CPU
		{FE444E15-911A-4EB8-B292-2BBCD10C1EBE}.Release|Any CPU.Build.0 = Release|Any CPU
		{EFD55DB2-9D33-488F-9945-2F289F20E919}.Debug|Any CPU.ActiveCfg = Debug|Any CPU
		{EFD55DB2-9D33-488F-9945-2F289F20E919}.Debug|Any CPU.Build.0 = Debug|Any CPU
		{EFD55DB2-9D33-488F-9945-2F289F20E919}.Release|Any CPU.ActiveCfg = Release|Any CPU
		{EFD55DB2-9D33-488F-9945-2F289F20E919}.Release|Any CPU.Build.0 = Release|Any CPU
		{ECB83B34-719E-4915-AFF8-687D79206F43}.Debug|Any CPU.ActiveCfg = Debug|Any CPU
		{ECB83B34-719E-4915-AFF8-687D79206F43}.Debug|Any CPU.Build.0 = Debug|Any CPU
		{ECB83B34-719E-4915-AFF8-687D79206F43}.Release|Any CPU.ActiveCfg = Release|Any CPU
		{ECB83B34-719E-4915-AFF8-687D79206F43}.Release|Any CPU.Build.0 = Release|Any CPU
		{F1EB4BF7-1A0D-48C1-9E42-94CF89360AC3}.Debug|Any CPU.ActiveCfg = Debug|Any CPU
		{F1EB4BF7-1A0D-48C1-9E42-94CF89360AC3}.Debug|Any CPU.Build.0 = Debug|Any CPU
		{F1EB4BF7-1A0D-48C1-9E42-94CF89360AC3}.Release|Any CPU.ActiveCfg = Release|Any CPU
		{F1EB4BF7-1A0D-48C1-9E42-94CF89360AC3}.Release|Any CPU.Build.0 = Release|Any CPU
	EndGlobalSection
	GlobalSection(SolutionProperties) = preSolution
		HideSolutionNode = FALSE
	EndGlobalSection
EndGlobal
