
Microsoft Visual Studio Solution File, Format Version 12.00
# Visual Studio 15
VisualStudioVersion = 15.0.26403.7
MinimumVisualStudioVersion = 10.0.40219.1
Project("{FAE04EC0-301F-11D3-BF4B-00C04F79EFBC}") = "Chpt1", "Chpt1\Chpt1.csproj", "{B2A9E2B7-F311-4E20-9EAE-A377C85D65FE}"
EndProject
Project("{FAE04EC0-301F-11D3-BF4B-00C04F79EFBC}") = "Chpt2", "Chpt2\Chpt2.csproj", "{7DCB9C7A-8400-4595-B618-A2E0134308D7}"
EndProject
Project("{FAE04EC0-301F-11D3-BF4B-00C04F79EFBC}") = "Chpt3", "Chpt3\Chpt3.csproj", "{28438E3B-D836-4794-AAB5-63DD30DCE4CF}"
EndProject
Project("{FAE04EC0-301F-11D3-BF4B-00C04F79EFBC}") = "Chpt4", "Chpt4\Chpt4.csproj", "{A33BB93C-502C-4252-868A-BE8C398A75E3}"
EndProject
Project("{FAE04EC0-301F-11D3-BF4B-00C04F79EFBC}") = "Chpt5", "Chpt5\Chpt5.csproj", "{31541B23-0843-489E-A94E-8BB91775E3BC}"
EndProject
Global
	GlobalSection(SolutionConfigurationPlatforms) = preSolution
		Debug|Any CPU = Debug|Any CPU
		Release|Any CPU = Release|Any CPU
	EndGlobalSection
	GlobalSection(ProjectConfigurationPlatforms) = postSolution
		{B2A9E2B7-F311-4E20-9EAE-A377C85D65FE}.Debug|Any CPU.ActiveCfg = Debug|Any CPU
		{B2A9E2B7-F311-4E20-9EAE-A377C85D65FE}.Debug|Any CPU.Build.0 = Debug|Any CPU
		{B2A9E2B7-F311-4E20-9EAE-A377C85D65FE}.Release|Any CPU.ActiveCfg = Release|Any CPU
		{B2A9E2B7-F311-4E20-9EAE-A377C85D65FE}.Release|Any CPU.Build.0 = Release|Any CPU
		{7DCB9C7A-8400-4595-B618-A2E0134308D7}.Debug|Any CPU.ActiveCfg = Debug|Any CPU
		{7DCB9C7A-8400-4595-B618-A2E0134308D7}.Debug|Any CPU.Build.0 = Debug|Any CPU
		{7DCB9C7A-8400-4595-B618-A2E0134308D7}.Release|Any CPU.ActiveCfg = Release|Any CPU
		{7DCB9C7A-8400-4595-B618-A2E0134308D7}.Release|Any CPU.Build.0 = Release|Any CPU
		{28438E3B-D836-4794-AAB5-63DD30DCE4CF}.Debug|Any CPU.ActiveCfg = Debug|Any CPU
		{28438E3B-D836-4794-AAB5-63DD30DCE4CF}.Debug|Any CPU.Build.0 = Debug|Any CPU
		{28438E3B-D836-4794-AAB5-63DD30DCE4CF}.Release|Any CPU.ActiveCfg = Release|Any CPU
		{28438E3B-D836-4794-AAB5-63DD30DCE4CF}.Release|Any CPU.Build.0 = Release|Any CPU
		{A33BB93C-502C-4252-868A-BE8C398A75E3}.Debug|Any CPU.ActiveCfg = Debug|Any CPU
		{A33BB93C-502C-4252-868A-BE8C398A75E3}.Debug|Any CPU.Build.0 = Debug|Any CPU
		{A33BB93C-502C-4252-868A-BE8C398A75E3}.Release|Any CPU.ActiveCfg = Release|Any CPU
		{A33BB93C-502C-4252-868A-BE8C398A75E3}.Release|Any CPU.Build.0 = Release|Any CPU
		{31541B23-0843-489E-A94E-8BB91775E3BC}.Debug|Any CPU.ActiveCfg = Debug|Any CPU
		{31541B23-0843-489E-A94E-8BB91775E3BC}.Debug|Any CPU.Build.0 = Debug|Any CPU
		{31541B23-0843-489E-A94E-8BB91775E3BC}.Release|Any CPU.ActiveCfg = Release|Any CPU
		{31541B23-0843-489E-A94E-8BB91775E3BC}.Release|Any CPU.Build.0 = Release|Any CPU
	EndGlobalSection
	GlobalSection(SolutionProperties) = preSolution
		HideSolutionNode = FALSE
	EndGlobalSection
EndGlobal
